
Microsoft Visual Studio Solution File, Format Version 12.00
# Visual Studio Version 16
VisualStudioVersion = 16.0.33529.622
MinimumVisualStudioVersion = 10.0.40219.1
Project("{FAE04EC0-301F-11D3-BF4B-00C04F79EFBC}") = "GoruntuSifreleme", "GoruntuSifreleme\GoruntuSifreleme.csproj", "{EDB9316B-7A9F-4360-AA4B-70BC0E0C1541}"
EndProject
Global
	GlobalSection(SolutionConfigurationPlatforms) = preSolution
		Debug|Any CPU = Debug|Any CPU
		Release|Any CPU = Release|Any CPU
	EndGlobalSection
	GlobalSection(ProjectConfigurationPlatforms) = postSolution
		{EDB9316B-7A9F-4360-AA4B-70BC0E0C1541}.Debug|Any CPU.ActiveCfg = Debug|Any CPU
		{EDB9316B-7A9F-4360-AA4B-70BC0E0C1541}.Debug|Any CPU.Build.0 = Debug|Any CPU
		{EDB9316B-7A9F-4360-AA4B-70BC0E0C1541}.Release|Any CPU.ActiveCfg = Release|Any CPU
		{EDB9316B-7A9F-4360-AA4B-70BC0E0C1541}.Release|Any CPU.Build.0 = Release|Any CPU
	EndGlobalSection
	GlobalSection(SolutionProperties) = preSolution
		HideSolutionNode = FALSE
	EndGlobalSection
	GlobalSection(ExtensibilityGlobals) = postSolution
		SolutionGuid = {DB1871E5-5C74-43D9-9E37-AD6212E43F81}
	EndGlobalSection
EndGlobal
